
Microsoft Visual Studio Solution File, Format Version 12.00
# Visual Studio Version 17
VisualStudioVersion = 17.14.36518.9 d17.14
MinimumVisualStudioVersion = 10.0.40219.1
Project("{FAE04EC0-301F-11D3-BF4B-00C04F79EFBC}") = "QuestionPlatform2", "QuestionPlatform2.csproj", "{EF72B631-90D2-4490-B3EF-9AE7289E7CFB}"
EndProject
Global
	GlobalSection(SolutionConfigurationPlatforms) = preSolution
		Debug|Any CPU = Debug|Any CPU
		Release|Any CPU = Release|Any CPU
	EndGlobalSection
	GlobalSection(ProjectConfigurationPlatforms) = postSolution
		{EF72B631-90D2-4490-B3EF-9AE7289E7CFB}.Debug|Any CPU.ActiveCfg = Debug|Any CPU
		{EF72B631-90D2-4490-B3EF-9AE7289E7CFB}.Debug|Any CPU.Build.0 = Debug|Any CPU
		{EF72B631-90D2-4490-B3EF-9AE7289E7CFB}.Release|Any CPU.ActiveCfg = Release|Any CPU
		{EF72B631-90D2-4490-B3EF-9AE7289E7CFB}.Release|Any CPU.Build.0 = Release|Any CPU
	EndGlobalSection
	GlobalSection(SolutionProperties) = preSolution
		HideSolutionNode = FALSE
	EndGlobalSection
	GlobalSection(ExtensibilityGlobals) = postSolution
		SolutionGuid = {635C8E76-BFBA-41B9-B59E-3CFF0CAED5D3}
	EndGlobalSection
EndGlobal
